
Microsoft Visual Studio Solution File, Format Version 12.00
# Visual Studio Version 16
VisualStudioVersion = 16.0.31005.135
MinimumVisualStudioVersion = 10.0.40219.1
Project("{8BC9CEB8-8B4A-11D0-8D11-00A0C91BC942}") = "ConsoleApplication9", "ConsoleApplication9\ConsoleApplication9.vcxproj", "{AFB9EC78-A383-49F8-BC1E-EF0191AFA581}"
EndProject
Global
	GlobalSection(SolutionConfigurationPlatforms) = preSolution
		Debug|x64 = Debug|x64
		Debug|x86 = Debug|x86
		Release|x64 = Release|x64
		Release|x86 = Release|x86
	EndGlobalSection
	GlobalSection(ProjectConfigurationPlatforms) = postSolution
		{AFB9EC78-A383-49F8-BC1E-EF0191AFA581}.Debug|x64.ActiveCfg = Debug|x64
		{AFB9EC78-A383-49F8-BC1E-EF0191AFA581}.Debug|x64.Build.0 = Debug|x64
		{AFB9EC78-A383-49F8-BC1E-EF0191AFA581}.Debug|x86.ActiveCfg = Debug|Win32
		{AFB9EC78-A383-49F8-BC1E-EF0191AFA581}.Debug|x86.Build.0 = Debug|Win32
		{AFB9EC78-A383-49F8-BC1E-EF0191AFA581}.Release|x64.ActiveCfg = Release|x64
		{AFB9EC78-A383-49F8-BC1E-EF0191AFA581}.Release|x64.Build.0 = Release|x64
		{AFB9EC78-A383-49F8-BC1E-EF0191AFA581}.Release|x86.ActiveCfg = Release|Win32
		{AFB9EC78-A383-49F8-BC1E-EF0191AFA581}.Release|x86.Build.0 = Release|Win32
	EndGlobalSection
	GlobalSection(SolutionProperties) = preSolution
		HideSolutionNode = FALSE
	EndGlobalSection
	GlobalSection(ExtensibilityGlobals) = postSolution
		SolutionGuid = {4C739333-2185-4C98-BAA7-6082227B123A}
	EndGlobalSection
EndGlobal
